
Microsoft Visual Studio Solution File, Format Version 12.00
# Visual Studio Version 17
VisualStudioVersion = 17.14.36121.58 d17.14
MinimumVisualStudioVersion = 10.0.40219.1
Project("{888888A0-9F3D-457C-B088-3A5042F75D52}") = "Time Converter", "Time Converter.pyproj", "{FCB27354-BCAD-40E9-9D88-52BE3DEA4629}"
EndProject
Global
	GlobalSection(SolutionConfigurationPlatforms) = preSolution
		Debug|Any CPU = Debug|Any CPU
		Release|Any CPU = Release|Any CPU
	EndGlobalSection
	GlobalSection(ProjectConfigurationPlatforms) = postSolution
		{FCB27354-BCAD-40E9-9D88-52BE3DEA4629}.Debug|Any CPU.ActiveCfg = Debug|Any CPU
		{FCB27354-BCAD-40E9-9D88-52BE3DEA4629}.Release|Any CPU.ActiveCfg = Release|Any CPU
	EndGlobalSection
	GlobalSection(SolutionProperties) = preSolution
		HideSolutionNode = FALSE
	EndGlobalSection
	GlobalSection(ExtensibilityGlobals) = postSolution
		SolutionGuid = {6D0CEFC2-44F3-4797-9632-3B39BF88AD43}
	EndGlobalSection
EndGlobal
